
Microsoft Visual Studio Solution File, Format Version 12.00
# Visual Studio Version 16
VisualStudioVersion = 16.0.30204.135
MinimumVisualStudioVersion = 10.0.40219.1
Project("{FAE04EC0-301F-11D3-BF4B-00C04F79EFBC}") = "CarInsurance", "CarInsurance\CarInsurance.csproj", "{CAE89F20-0658-4262-A73B-D8A73B3EA205}"
EndProject
Global
	GlobalSection(SolutionConfigurationPlatforms) = preSolution
		Debug|Any CPU = Debug|Any CPU
		Release|Any CPU = Release|Any CPU
	EndGlobalSection
	GlobalSection(ProjectConfigurationPlatforms) = postSolution
		{CAE89F20-0658-4262-A73B-D8A73B3EA205}.Debug|Any CPU.ActiveCfg = Debug|Any CPU
		{CAE89F20-0658-4262-A73B-D8A73B3EA205}.Debug|Any CPU.Build.0 = Debug|Any CPU
		{CAE89F20-0658-4262-A73B-D8A73B3EA205}.Release|Any CPU.ActiveCfg = Release|Any CPU
		{CAE89F20-0658-4262-A73B-D8A73B3EA205}.Release|Any CPU.Build.0 = Release|Any CPU
	EndGlobalSection
	GlobalSection(SolutionProperties) = preSolution
		HideSolutionNode = FALSE
	EndGlobalSection
	GlobalSection(ExtensibilityGlobals) = postSolution
		SolutionGuid = {C0321DB4-3ABA-41B4-B68B-F54D2EEE743B}
	EndGlobalSection
EndGlobal
