
Microsoft Visual Studio Solution File, Format Version 12.00
# Visual Studio Version 16
VisualStudioVersion = 16.0.30204.135
MinimumVisualStudioVersion = 10.0.40219.1
Project("{FAE04EC0-301F-11D3-BF4B-00C04F79EFBC}") = "CodeFirstApp", "CodeFirstApp\CodeFirstApp.csproj", "{DFE4E0CB-7AD7-4B77-865B-21FFCAEA3DFC}"
EndProject
Global
	GlobalSection(SolutionConfigurationPlatforms) = preSolution
		Debug|Any CPU = Debug|Any CPU
		Release|Any CPU = Release|Any CPU
	EndGlobalSection
	GlobalSection(ProjectConfigurationPlatforms) = postSolution
		{DFE4E0CB-7AD7-4B77-865B-21FFCAEA3DFC}.Debug|Any CPU.ActiveCfg = Debug|Any CPU
		{DFE4E0CB-7AD7-4B77-865B-21FFCAEA3DFC}.Debug|Any CPU.Build.0 = Debug|Any CPU
		{DFE4E0CB-7AD7-4B77-865B-21FFCAEA3DFC}.Release|Any CPU.ActiveCfg = Release|Any CPU
		{DFE4E0CB-7AD7-4B77-865B-21FFCAEA3DFC}.Release|Any CPU.Build.0 = Release|Any CPU
	EndGlobalSection
	GlobalSection(SolutionProperties) = preSolution
		HideSolutionNode = FALSE
	EndGlobalSection
	GlobalSection(ExtensibilityGlobals) = postSolution
		SolutionGuid = {8E08FF51-C3CD-4829-848E-3C8F69ACDF50}
	EndGlobalSection
EndGlobal
