
Microsoft Visual Studio Solution File, Format Version 12.00
# Visual Studio Version 16
VisualStudioVersion = 16.0.30204.135
MinimumVisualStudioVersion = 10.0.40219.1
Project("{FAE04EC0-301F-11D3-BF4B-00C04F79EFBC}") = "TwentyOne", "TwentyOne\TwentyOne.csproj", "{C13A2D8D-B96B-4C64-893C-CAD2922D60CA}"
EndProject
Global
	GlobalSection(SolutionConfigurationPlatforms) = preSolution
		Debug|Any CPU = Debug|Any CPU
		Release|Any CPU = Release|Any CPU
	EndGlobalSection
	GlobalSection(ProjectConfigurationPlatforms) = postSolution
		{C13A2D8D-B96B-4C64-893C-CAD2922D60CA}.Debug|Any CPU.ActiveCfg = Debug|Any CPU
		{C13A2D8D-B96B-4C64-893C-CAD2922D60CA}.Debug|Any CPU.Build.0 = Debug|Any CPU
		{C13A2D8D-B96B-4C64-893C-CAD2922D60CA}.Release|Any CPU.ActiveCfg = Release|Any CPU
		{C13A2D8D-B96B-4C64-893C-CAD2922D60CA}.Release|Any CPU.Build.0 = Release|Any CPU
	EndGlobalSection
	GlobalSection(SolutionProperties) = preSolution
		HideSolutionNode = FALSE
	EndGlobalSection
	GlobalSection(ExtensibilityGlobals) = postSolution
		SolutionGuid = {B7DFD000-E779-4E78-924B-0D1221590754}
	EndGlobalSection
EndGlobal
